// !$*UTF8*$!
{
	archiveVersion = 1;
	classes = {
	};
	objectVersion = 46;
	objects = {

/* Begin PBXBuildFile section */
		D12CF1051B5E249E00F4BF1D /* main.swift in Sources */ = {isa = PBXBuildFile; fileRef = D12CF1041B5E249E00F4BF1D /* main.swift */; };
		D12CF10C1B5E24D700F4BF1D /* singleton.swift in Sources */ = {isa = PBXBuildFile; fileRef = D12CF10B1B5E24D700F4BF1D /* singleton.swift */; };
/* End PBXBuildFile section */

/* Begin PBXCopyFilesBuildPhase section */
		D12CF0FF1B5E249E00F4BF1D /* CopyFiles */ = {
			isa = PBXCopyFilesBuildPhase;
			buildActionMask = 2147483647;
			dstPath = /usr/share/man/man1/;
			dstSubfolderSpec = 0;
			files = (
			);
			runOnlyForDeploymentPostprocessing = 1;
		};
/* End PBXCopyFilesBuildPhase section */

/* Begin PBXFileReference section */
		D12CF1011B5E249E00F4BF1D /* demo-singleton */ = {isa = PBXFileReference; explicitFileType = "compiled.mach-o.executable"; includeInIndex = 0; path = "demo-singleton"; sourceTree = BUILT_PRODUCTS_DIR; };
		D12CF1041B5E249E00F4BF1D /* main.swift */ = {isa = PBXFileReference; lastKnownFileType = sourcecode.swift; path = main.swift; sourceTree = "<group>"; };
		D12CF10B1B5E24D700F4BF1D /* singleton.swift */ = {isa = PBXFileReference; fileEncoding = 4; lastKnownFileType = sourcecode.swift; path = singleton.swift; sourceTree = "<group>"; };
/* End PBXFileReference section */

/* Begin PBXFrameworksBuildPhase section */
		D12CF0FE1B5E249E00F4BF1D /* Frameworks */ = {
			isa = PBXFrameworksBuildPhase;
			buildActionMask = 2147483647;
			files = (
			);
			runOnlyForDeploymentPostprocessing = 0;
		};
/* End PBXFrameworksBuildPhase section */

/* Begin PBXGroup section */
		D12CF0F81B5E249E00F4BF1D = {
			isa = PBXGroup;
			children = (
				D12CF1031B5E249E00F4BF1D /* demo-singleton */,
				D12CF1021B5E249E00F4BF1D /* Products */,
			);
			sourceTree = "<group>";
		};
		D12CF1021B5E249E00F4BF1D /* Products */ = {
			isa = PBXGroup;
			children = (
				D12CF1011B5E249E00F4BF1D /* demo-singleton */,
			);
			name = Products;
			sourceTree = "<group>";
		};
		D12CF1031B5E249E00F4BF1D /* demo-singleton */ = {
			isa = PBXGroup;
			children = (
				D12CF1041B5E249E00F4BF1D /* main.swift */,
				D12CF10B1B5E24D700F4BF1D /* singleton.swift */,
			);
			path = "demo-singleton";
			sourceTree = "<group>";
		};
/* End PBXGroup section */

/* Begin PBXNativeTarget section */
		D12CF1001B5E249E00F4BF1D /* demo-singleton */ = {
			isa = PBXNativeTarget;
			buildConfigurationList = D12CF1081B5E249E00F4BF1D /* Build configuration list for PBXNativeTarget "demo-singleton" */;
			buildPhases = (
				D12CF0FD1B5E249E00F4BF1D /* Sources */,
				D12CF0FE1B5E249E00F4BF1D /* Frameworks */,
				D12CF0FF1B5E249E00F4BF1D /* CopyFiles */,
			);
			buildRules = (
			);
			dependencies = (
			);
			name = "demo-singleton";
			productName = "demo-singleton";
			productReference = D12CF1011B5E249E00F4BF1D /* demo-singleton */;
			productType = "com.apple.product-type.tool";
		};
/* End PBXNativeTarget section */

/* Begin PBXProject section */
		D12CF0F91B5E249E00F4BF1D /* Project object */ = {
			isa = PBXProject;
			attributes = {
				LastUpgradeCheck = 0640;
				ORGANIZATIONNAME = DavisLee;
				TargetAttributes = {
					D12CF1001B5E249E00F4BF1D = {
						CreatedOnToolsVersion = 6.4;
					};
				};
			};
			buildConfigurationList = D12CF0FC1B5E249E00F4BF1D /* Build configuration list for PBXProject "demo-singleton" */;
			compatibilityVersion = "Xcode 3.2";
			developmentRegion = English;
			hasScannedForEncodings = 0;
			knownRegions = (
				en,
			);
			mainGroup = D12CF0F81B5E249E00F4BF1D;
			productRefGroup = D12CF1021B5E249E00F4BF1D /* Products */;
			projectDirPath = "";
			projectRoot = "";
			targets = (
				D12CF1001B5E249E00F4BF1D /* demo-singleton */,
			);
		};
/* End PBXProject section */

/* Begin PBXSourcesBuildPhase section */
		D12CF0FD1B5E249E00F4BF1D /* Sources */ = {
			isa = PBXSourcesBuildPhase;
			buildActionMask = 2147483647;
			files = (
				D12CF1051B5E249E00F4BF1D /* main.swift in Sources */,
				D12CF10C1B5E24D700F4BF1D /* singleton.swift in Sources */,
			);
			runOnlyForDeploymentPostprocessing = 0;
		};
/* End PBXSourcesBuildPhase section */

/* Begin XCBuildConfiguration section */
		D12CF1061B5E249E00F4BF1D /* Debug */ = {
			isa = XCBuildConfiguration;
			buildSettings = {
				ALWAYS_SEARCH_USER_PATHS = NO;
				CLANG_CXX_LANGUAGE_STANDARD = "gnu++0x";
				CLANG_CXX_LIBRARY = "libc++";
				CLANG_ENABLE_MODULES = YES;
				CLANG_ENABLE_OBJC_ARC = YES;
				CLANG_WARN_BOOL_CONVERSION = YES;
				CLANG_WARN_CONSTANT_CONVERSION = YES;
				CLANG_WARN_DIRECT_OBJC_ISA_USAGE = YES_ERROR;
				CLANG_WARN_EMPTY_BODY = YES;
				CLANG_WARN_ENUM_CONVERSION = YES;
				CLANG_WARN_INT_CONVERSION = YES;
				CLANG_WARN_OBJC_ROOT_CLASS = YES_ERROR;
				CLANG_WARN_UNREACHABLE_CODE = YES;
				CLANG_WARN__DUPLICATE_METHOD_MATCH = YES;
				COPY_PHASE_STRIP = NO;
				DEBUG_INFORMATION_FORMAT = dwarf;
				ENABLE_STRICT_OBJC_MSGSEND = YES;
				GCC_C_LANGUAGE_STANDARD = gnu99;
				GCC_DYNAMIC_NO_PIC = NO;
				GCC_NO_COMMON_BLOCKS = YES;
				GCC_OPTIMIZATION_LEVEL = 0;
				GCC_PREPROCESSOR_DEFINITIONS = (
					"DEBUG=1",
					"$(inherited)",
				);
				GCC_SYMBOLS_PRIVATE_EXTERN = NO;
				GCC_WARN_64_TO_32_BIT_CONVERSION = YES;
				GCC_WARN_ABOUT_RETURN_TYPE = YES_ERROR;
				GCC_WARN_UNDECLARED_SELECTOR = YES;
				GCC_WARN_UNINITIALIZED_AUTOS = YES_AGGRESSIVE;
				GCC_WARN_UNUSED_FUNCTION = YES;
				GCC_WARN_UNUSED_VARIABLE = YES;
				MACOSX_DEPLOYMENT_TARGET = 10.10;
				MTL_ENABLE_DEBUG_INFO = YES;
				ONLY_ACTIVE_ARCH = YES;
				SDKROOT = macosx;
				SWIFT_OPTIMIZATION_LEVEL = "-Onone";
			};
			name = Debug;
		};
		D12CF1071B5E249E00F4BF1D /* Release */ = {
			isa = XCBuildConfiguration;
			buildSettings = {
				ALWAYS_SEARCH_USER_PATHS = NO;
				CLANG_CXX_LANGUAGE_STANDARD = "gnu++0x";
				CLANG_CXX_LIBRARY = "libc++";
				CLANG_ENABLE_MODULES = YES;
				CLANG_ENABLE_OBJC_ARC = YES;
				CLANG_WARN_BOOL_CONVERSION = YES;
				CLANG_WARN_CONSTANT_CONVERSION = YES;
				CLANG_WARN_DIRECT_OBJC_ISA_USAGE = YES_ERROR;
				CLANG_WARN_EMPTY_BODY = YES;
				CLANG_WARN_ENUM_CONVERSION = YES;
				CLANG_WARN_INT_CONVERSION = YES;
				CLANG_WARN_OBJC_ROOT_CLASS = YES_ERROR;
				CLANG_WARN_UNREACHABLE_CODE = YES;
				CLANG_WARN__DUPLICATE_METHOD_MATCH = YES;
				COPY_PHASE_STRIP = NO;
				DEBUG_INFORMATION_FORMAT = "dwarf-with-dsym";
				ENABLE_NS_ASSERTIONS = NO;
				ENABLE_STRICT_OBJC_MSGSEND = YES;
				GCC_C_LANGUAGE_STANDARD = gnu99;
				GCC_NO_COMMON_BLOCKS = YES;
				GCC_WARN_64_TO_32_BIT_CONVERSION = YES;
				GCC_WARN_ABOUT_RETURN_TYPE = YES_ERROR;
				GCC_WARN_UNDECLARED_SELECTOR = YES;
				GCC_WARN_UNINITIALIZED_AUTOS = YES_AGGRESSIVE;
				GCC_WARN_UNUSED_FUNCTION = YES;
				GCC_WARN_UNUSED_VARIABLE = YES;
				MACOSX_DEPLOYMENT_TARGET = 10.10;
				MTL_ENABLE_DEBUG_INFO = NO;
				SDKROOT = macosx;
			};
			name = Release;
		};
		D12CF1091B5E249E00F4BF1D /* Debug */ = {
			isa = XCBuildConfiguration;
			buildSettings = {
				PRODUCT_NAME = "$(TARGET_NAME)";
			};
			name = Debug;
		};
		D12CF10A1B5E249E00F4BF1D /* Release */ = {
			isa = XCBuildConfiguration;
			buildSettings = {
				PRODUCT_NAME = "$(TARGET_NAME)";
			};
			name = Release;
		};
/* End XCBuildConfiguration section */

/* Begin XCConfigurationList section */
		D12CF0FC1B5E249E00F4BF1D /* Build configuration list for PBXProject "demo-singleton" */ = {
			isa = XCConfigurationList;
			buildConfigurations = (
				D12CF1061B5E249E00F4BF1D /* Debug */,
				D12CF1071B5E249E00F4BF1D /* Release */,
			);
			defaultConfigurationIsVisible = 0;
			defaultConfigurationName = Release;
		};
		D12CF1081B5E249E00F4BF1D /* Build configuration list for PBXNativeTarget "demo-singleton" */ = {
			isa = XCConfigurationList;
			buildConfigurations = (
				D12CF1091B5E249E00F4BF1D /* Debug */,
				D12CF10A1B5E249E00F4BF1D /* Release */,
			);
			defaultConfigurationIsVisible = 0;
		};
/* End XCConfigurationList section */
	};
	rootObject = D12CF0F91B5E249E00F4BF1D /* Project object */;
}
